{
  "meteor": {},
  "dependencies": {
    "basePackages": {
      "blaze-layout": {},
      "bootstrap-3": {},
      "connection-banner": {},
      "iron-router": {},
      "fancybox": {},
      "googlemaps": {},
      "npm": {},
      "inject-initial": {},
      "masonrify": {},
      "jquery-jcrop": {},
      "messageformat": {}
    },
    "packages": {
      "blaze-layout": {
        "git": "https://github.com/EventedMind/blaze-layout.git",
        "tag": "v0.2.5",
        "commit": "273e3ab7d005d91a1a59c71bd224533b4dae2fbd"
      },
      "bootstrap-3": {
        "git": "https://github.com/mangasocial/meteor-bootstrap-3.git",
        "tag": "v3.2.0-1",
        "commit": "17a63902fc6cf1096c5289d963c66cf28b474727"
      },
      "connection-banner": {
        "git": "https://github.com/nate-strauser/meteor-connection-banner.git",
        "tag": "v0.4.0",
        "commit": "2652cd4ee4d863651c4b5298aebcf2c5710d2971"
      },
      "iron-router": {
        "git": "https://github.com/EventedMind/iron-router.git",
        "tag": "v0.7.1",
        "commit": "d1ffb3f06ea4c112132b030f2eb1a70b81675ecb"
      },
      "fancybox": {
        "git": "https://github.com/matteodem/meteor-fancybox.git",
        "tag": "v0.5.0",
        "commit": "0dee721f3655f8b40fd89ab733fff44642bb5e79"
      },
      "googlemaps": {
        "git": "https://github.com/drewjw81/meteor-googlemaps.git",
        "tag": "v0.0.2",
        "commit": "da8785c82cfd7de0111f898ef10728e7ed24e361"
      },
      "npm": {
        "git": "https://github.com/arunoda/meteor-npm.git",
        "tag": "v0.2.6",
        "commit": "177ab6118de5bf8cffb19481343d5762ff7a2aaf"
      },
      "inject-initial": {
        "git": "https://github.com/gadicc/meteor-inject-initial.git",
        "tag": "v0.0.8",
        "commit": "90f2fbcc5b4bc17fa4d4535f47813e31d86033b4"
      },
      "masonrify": {
        "git": "https://github.com/voodoohop/meteor-masonrify.git",
        "tag": "v0.0.3",
        "commit": "e7a5e71a4193bd68a7bae4c250931147659b5dcb"
      },
      "jquery-jcrop": {
        "git": "https://github.com/waltyuyu/meteor-jquery-jcrop.git",
        "tag": "v0.0.3",
        "commit": "45a62562f3d13cbc72a7710472a76cf9c3c589cd"
      },
      "messageformat": {
        "git": "https://github.com/gadicohen/meteor-messageformat.git",
        "tag": "v0.0.33",
        "commit": "9152409d83d402bf796df812f63af5ee0977ae2b"
      },
      "headers": {
        "git": "https://github.com/gadicohen/meteor-headers.git",
        "tag": "v0.0.24",
        "commit": "3c09e682895e13c71ca0114baf3c09ee9c507709"
      }
    }
  }
}
